
Microsoft Visual Studio Solution File, Format Version 12.00
# Visual Studio Version 17
VisualStudioVersion = 17.12.35527.113
MinimumVisualStudioVersion = 10.0.40219.1
Project("{FAE04EC0-301F-11D3-BF4B-00C04F79EFBC}") = "CatalogServiceApi.WebUi", "CatalogServiceApi\CatalogServiceApi.WebUi.csproj", "{B8BF98BA-12DC-480D-9F71-29825D639A18}"
EndProject
Project("{FAE04EC0-301F-11D3-BF4B-00C04F79EFBC}") = "CatalogServiceApi.DataAccess", "CatalogServiceApi.DataAccess\CatalogServiceApi.DataAccess.csproj", "{28B19586-7806-42A6-A210-96F25615C9F6}"
EndProject
Project("{FAE04EC0-301F-11D3-BF4B-00C04F79EFBC}") = "CatalogServiceApi.Application", "CatalogServiceApi.Application\CatalogServiceApi.Application.csproj", "{A56E9687-610F-4123-8C24-4DB95BC0AAED}"
EndProject
Project("{FAE04EC0-301F-11D3-BF4B-00C04F79EFBC}") = "CatalogServiceApi.Domain", "CatalogServiceApi.Domain\CatalogServiceApi.Domain.csproj", "{DE04A8C3-7AFB-4117-BE23-F110A3D4E3A6}"
EndProject
Project("{FAE04EC0-301F-11D3-BF4B-00C04F79EFBC}") = "CatalogServiceApi.IdentityServer", "CatalogServiceApi.IdentityServer\CatalogServiceApi.IdentityServer.csproj", "{B0398405-0611-4665-8C31-AC8339A56562}"
EndProject
Project("{FAE04EC0-301F-11D3-BF4B-00C04F79EFBC}") = "CatalogServiceApi.Test", "CatelogServiceAPI.Test\CatalogServiceApi.Test.csproj", "{AC4AF6ED-3ECE-4BA2-B5FF-E549C25C1D51}"
EndProject
Project("{2150E333-8FDC-42A3-9474-1A3956D46DE8}") = "CatalogServicesApi", "CatalogServicesApi", "{2DAFD438-5BA3-4A62-B0B6-92395A06D904}"
EndProject
Global
	GlobalSection(SolutionConfigurationPlatforms) = preSolution
		Debug|Any CPU = Debug|Any CPU
		Release|Any CPU = Release|Any CPU
	EndGlobalSection
	GlobalSection(ProjectConfigurationPlatforms) = postSolution
		{B8BF98BA-12DC-480D-9F71-29825D639A18}.Debug|Any CPU.ActiveCfg = Debug|Any CPU
		{B8BF98BA-12DC-480D-9F71-29825D639A18}.Debug|Any CPU.Build.0 = Debug|Any CPU
		{B8BF98BA-12DC-480D-9F71-29825D639A18}.Release|Any CPU.ActiveCfg = Release|Any CPU
		{B8BF98BA-12DC-480D-9F71-29825D639A18}.Release|Any CPU.Build.0 = Release|Any CPU
		{28B19586-7806-42A6-A210-96F25615C9F6}.Debug|Any CPU.ActiveCfg = Debug|Any CPU
		{28B19586-7806-42A6-A210-96F25615C9F6}.Debug|Any CPU.Build.0 = Debug|Any CPU
		{28B19586-7806-42A6-A210-96F25615C9F6}.Release|Any CPU.ActiveCfg = Release|Any CPU
		{28B19586-7806-42A6-A210-96F25615C9F6}.Release|Any CPU.Build.0 = Release|Any CPU
		{A56E9687-610F-4123-8C24-4DB95BC0AAED}.Debug|Any CPU.ActiveCfg = Debug|Any CPU
		{A56E9687-610F-4123-8C24-4DB95BC0AAED}.Debug|Any CPU.Build.0 = Debug|Any CPU
		{A56E9687-610F-4123-8C24-4DB95BC0AAED}.Release|Any CPU.ActiveCfg = Release|Any CPU
		{A56E9687-610F-4123-8C24-4DB95BC0AAED}.Release|Any CPU.Build.0 = Release|Any CPU
		{DE04A8C3-7AFB-4117-BE23-F110A3D4E3A6}.Debug|Any CPU.ActiveCfg = Debug|Any CPU
		{DE04A8C3-7AFB-4117-BE23-F110A3D4E3A6}.Debug|Any CPU.Build.0 = Debug|Any CPU
		{DE04A8C3-7AFB-4117-BE23-F110A3D4E3A6}.Release|Any CPU.ActiveCfg = Release|Any CPU
		{DE04A8C3-7AFB-4117-BE23-F110A3D4E3A6}.Release|Any CPU.Build.0 = Release|Any CPU
		{B0398405-0611-4665-8C31-AC8339A56562}.Debug|Any CPU.ActiveCfg = Debug|Any CPU
		{B0398405-0611-4665-8C31-AC8339A56562}.Debug|Any CPU.Build.0 = Debug|Any CPU
		{B0398405-0611-4665-8C31-AC8339A56562}.Release|Any CPU.ActiveCfg = Release|Any CPU
		{B0398405-0611-4665-8C31-AC8339A56562}.Release|Any CPU.Build.0 = Release|Any CPU
		{AC4AF6ED-3ECE-4BA2-B5FF-E549C25C1D51}.Debug|Any CPU.ActiveCfg = Debug|Any CPU
		{AC4AF6ED-3ECE-4BA2-B5FF-E549C25C1D51}.Debug|Any CPU.Build.0 = Debug|Any CPU
		{AC4AF6ED-3ECE-4BA2-B5FF-E549C25C1D51}.Release|Any CPU.ActiveCfg = Release|Any CPU
		{AC4AF6ED-3ECE-4BA2-B5FF-E549C25C1D51}.Release|Any CPU.Build.0 = Release|Any CPU
	EndGlobalSection
	GlobalSection(SolutionProperties) = preSolution
		HideSolutionNode = FALSE
	EndGlobalSection
	GlobalSection(NestedProjects) = preSolution
		{B8BF98BA-12DC-480D-9F71-29825D639A18} = {2DAFD438-5BA3-4A62-B0B6-92395A06D904}
		{28B19586-7806-42A6-A210-96F25615C9F6} = {2DAFD438-5BA3-4A62-B0B6-92395A06D904}
		{A56E9687-610F-4123-8C24-4DB95BC0AAED} = {2DAFD438-5BA3-4A62-B0B6-92395A06D904}
		{DE04A8C3-7AFB-4117-BE23-F110A3D4E3A6} = {2DAFD438-5BA3-4A62-B0B6-92395A06D904}
		{B0398405-0611-4665-8C31-AC8339A56562} = {2DAFD438-5BA3-4A62-B0B6-92395A06D904}
		{AC4AF6ED-3ECE-4BA2-B5FF-E549C25C1D51} = {2DAFD438-5BA3-4A62-B0B6-92395A06D904}
	EndGlobalSection
EndGlobal
